
Microsoft Visual Studio Solution File, Format Version 12.00
# Visual Studio Version 17
VisualStudioVersion = 17.4.33110.190
MinimumVisualStudioVersion = 10.0.40219.1
Project("{FAE04EC0-301F-11D3-BF4B-00C04F79EFBC}") = "BlazorApp1", "BlazorApp1.csproj", "{DEDCB7AA-4EBF-471C-BC7F-2FC649BA7028}"
EndProject
Global
	GlobalSection(SolutionConfigurationPlatforms) = preSolution
		Debug|Any CPU = Debug|Any CPU
		Release|Any CPU = Release|Any CPU
	EndGlobalSection
	GlobalSection(ProjectConfigurationPlatforms) = postSolution
		{DEDCB7AA-4EBF-471C-BC7F-2FC649BA7028}.Debug|Any CPU.ActiveCfg = Debug|Any CPU
		{DEDCB7AA-4EBF-471C-BC7F-2FC649BA7028}.Debug|Any CPU.Build.0 = Debug|Any CPU
		{DEDCB7AA-4EBF-471C-BC7F-2FC649BA7028}.Release|Any CPU.ActiveCfg = Release|Any CPU
		{DEDCB7AA-4EBF-471C-BC7F-2FC649BA7028}.Release|Any CPU.Build.0 = Release|Any CPU
	EndGlobalSection
	GlobalSection(SolutionProperties) = preSolution
		HideSolutionNode = FALSE
	EndGlobalSection
	GlobalSection(ExtensibilityGlobals) = postSolution
		SolutionGuid = {C89D554F-6951-4FED-B1D3-9FC7B2D85AC1}
	EndGlobalSection
EndGlobal
